Microsoft Visual Studio Solution File, Format Version 12.00
# Visual Studio Version 17
VisualStudioVersion = 17.5.2.0
MinimumVisualStudioVersion = 10.0.40219.1
Project("{FAE04EC0-301F-11D3-BF4B-00C04F79EFBC}") = "gurujiRide", "gurujiRide.csproj", "{E2FB4E06-C997-A230-29E4-C7D7BA58234B}"
EndProject
Global
	GlobalSection(SolutionConfigurationPlatforms) = preSolution
		Debug|Any CPU = Debug|Any CPU
		Release|Any CPU = Release|Any CPU
	EndGlobalSection
	GlobalSection(ProjectConfigurationPlatforms) = postSolution
		{E2FB4E06-C997-A230-29E4-C7D7BA58234B}.Debug|Any CPU.ActiveCfg = Debug|Any CPU
		{E2FB4E06-C997-A230-29E4-C7D7BA58234B}.Debug|Any CPU.Build.0 = Debug|Any CPU
		{E2FB4E06-C997-A230-29E4-C7D7BA58234B}.Release|Any CPU.ActiveCfg = Release|Any CPU
		{E2FB4E06-C997-A230-29E4-C7D7BA58234B}.Release|Any CPU.Build.0 = Release|Any CPU
	EndGlobalSection
	GlobalSection(SolutionProperties) = preSolution
		HideSolutionNode = FALSE
	EndGlobalSection
	GlobalSection(ExtensibilityGlobals) = postSolution
		SolutionGuid = {57C8BE1D-E7E2-48D6-ABD3-039AEEA6A90A}
	EndGlobalSection
EndGlobal
